
Microsoft Visual Studio Solution File, Format Version 12.00
# Visual Studio Version 17
VisualStudioVersion = 17.5.33530.505
MinimumVisualStudioVersion = 10.0.40219.1
Project("{FAE04EC0-301F-11D3-BF4B-00C04F79EFBC}") = "SyncServer", "SyncServer\SyncServer.csproj", "{332AD54D-4492-4223-99AE-39B2F9E367EC}"
EndProject
Project("{FAE04EC0-301F-11D3-BF4B-00C04F79EFBC}") = "SyncClient", "SyncClient\SyncClient.csproj", "{7AEC3DD5-9D06-4950-A5BA-02C434C32E0E}"
EndProject
Global
	GlobalSection(SolutionConfigurationPlatforms) = preSolution
		Debug|Any CPU = Debug|Any CPU
		Release|Any CPU = Release|Any CPU
	EndGlobalSection
	GlobalSection(ProjectConfigurationPlatforms) = postSolution
		{332AD54D-4492-4223-99AE-39B2F9E367EC}.Debug|Any CPU.ActiveCfg = Debug|Any CPU
		{332AD54D-4492-4223-99AE-39B2F9E367EC}.Debug|Any CPU.Build.0 = Debug|Any CPU
		{332AD54D-4492-4223-99AE-39B2F9E367EC}.Release|Any CPU.ActiveCfg = Release|Any CPU
		{332AD54D-4492-4223-99AE-39B2F9E367EC}.Release|Any CPU.Build.0 = Release|Any CPU
		{7AEC3DD5-9D06-4950-A5BA-02C434C32E0E}.Debug|Any CPU.ActiveCfg = Debug|Any CPU
		{7AEC3DD5-9D06-4950-A5BA-02C434C32E0E}.Debug|Any CPU.Build.0 = Debug|Any CPU
		{7AEC3DD5-9D06-4950-A5BA-02C434C32E0E}.Release|Any CPU.ActiveCfg = Release|Any CPU
		{7AEC3DD5-9D06-4950-A5BA-02C434C32E0E}.Release|Any CPU.Build.0 = Release|Any CPU
	EndGlobalSection
	GlobalSection(SolutionProperties) = preSolution
		HideSolutionNode = FALSE
	EndGlobalSection
	GlobalSection(ExtensibilityGlobals) = postSolution
		SolutionGuid = {8A7DE853-FA3F-4F99-A428-A4A0185A5321}
	EndGlobalSection
EndGlobal
